
Microsoft Visual Studio Solution File, Format Version 12.00
# Visual Studio Version 17
VisualStudioVersion = 17.8.34408.163
MinimumVisualStudioVersion = 10.0.40219.1
Project("{FAE04EC0-301F-11D3-BF4B-00C04F79EFBC}") = "WindowsForms", "WindowsForms\WindowsForms.csproj", "{BEBD6EC9-2C31-4B89-BC5F-032B6E025926}"
EndProject
Project("{FAE04EC0-301F-11D3-BF4B-00C04F79EFBC}") = "Entities", "Entities\Entities.csproj", "{07F4103F-FC2A-4B84-A2EF-A69D4CED36DB}"
EndProject
Project("{FAE04EC0-301F-11D3-BF4B-00C04F79EFBC}") = "BLL", "BLL\BLL.csproj", "{A09A54FD-21E8-400B-9F97-7E9529452E6D}"
EndProject
Project("{FAE04EC0-301F-11D3-BF4B-00C04F79EFBC}") = "DAL", "DAL\DAL.csproj", "{FC609152-2D0D-4CEE-B1F1-0BE1840D3243}"
EndProject
Project("{FAE04EC0-301F-11D3-BF4B-00C04F79EFBC}") = "Utilities", "Utilities\Utilities.csproj", "{ED61E93E-54B2-4680-AA66-A507CEA46F32}"
EndProject
Global
	GlobalSection(SolutionConfigurationPlatforms) = preSolution
		Debug|Any CPU = Debug|Any CPU
		Release|Any CPU = Release|Any CPU
	EndGlobalSection
	GlobalSection(ProjectConfigurationPlatforms) = postSolution
		{BEBD6EC9-2C31-4B89-BC5F-032B6E025926}.Debug|Any CPU.ActiveCfg = Debug|Any CPU
		{BEBD6EC9-2C31-4B89-BC5F-032B6E025926}.Debug|Any CPU.Build.0 = Debug|Any CPU
		{BEBD6EC9-2C31-4B89-BC5F-032B6E025926}.Release|Any CPU.ActiveCfg = Release|Any CPU
		{BEBD6EC9-2C31-4B89-BC5F-032B6E025926}.Release|Any CPU.Build.0 = Release|Any CPU
		{07F4103F-FC2A-4B84-A2EF-A69D4CED36DB}.Debug|Any CPU.ActiveCfg = Debug|Any CPU
		{07F4103F-FC2A-4B84-A2EF-A69D4CED36DB}.Debug|Any CPU.Build.0 = Debug|Any CPU
		{07F4103F-FC2A-4B84-A2EF-A69D4CED36DB}.Release|Any CPU.ActiveCfg = Release|Any CPU
		{07F4103F-FC2A-4B84-A2EF-A69D4CED36DB}.Release|Any CPU.Build.0 = Release|Any CPU
		{A09A54FD-21E8-400B-9F97-7E9529452E6D}.Debug|Any CPU.ActiveCfg = Debug|Any CPU
		{A09A54FD-21E8-400B-9F97-7E9529452E6D}.Debug|Any CPU.Build.0 = Debug|Any CPU
		{A09A54FD-21E8-400B-9F97-7E9529452E6D}.Release|Any CPU.ActiveCfg = Release|Any CPU
		{A09A54FD-21E8-400B-9F97-7E9529452E6D}.Release|Any CPU.Build.0 = Release|Any CPU
		{FC609152-2D0D-4CEE-B1F1-0BE1840D3243}.Debug|Any CPU.ActiveCfg = Debug|Any CPU
		{FC609152-2D0D-4CEE-B1F1-0BE1840D3243}.Debug|Any CPU.Build.0 = Debug|Any CPU
		{FC609152-2D0D-4CEE-B1F1-0BE1840D3243}.Release|Any CPU.ActiveCfg = Release|Any CPU
		{FC609152-2D0D-4CEE-B1F1-0BE1840D3243}.Release|Any CPU.Build.0 = Release|Any CPU
		{ED61E93E-54B2-4680-AA66-A507CEA46F32}.Debug|Any CPU.ActiveCfg = Debug|Any CPU
		{ED61E93E-54B2-4680-AA66-A507CEA46F32}.Debug|Any CPU.Build.0 = Debug|Any CPU
		{ED61E93E-54B2-4680-AA66-A507CEA46F32}.Release|Any CPU.ActiveCfg = Release|Any CPU
		{ED61E93E-54B2-4680-AA66-A507CEA46F32}.Release|Any CPU.Build.0 = Release|Any CPU
	EndGlobalSection
	GlobalSection(SolutionProperties) = preSolution
		HideSolutionNode = FALSE
	EndGlobalSection
	GlobalSection(ExtensibilityGlobals) = postSolution
		SolutionGuid = {6015F147-F236-49E5-83EC-8A1EEB7F729D}
	EndGlobalSection
EndGlobal
